PODS:
  - InAppInvitationKit (0.1.0)

DEPENDENCIES:
  - InAppInvitationKit (from `https://github.com/vineetchoudhary/InAppInvitation.git`)

EXTERNAL SOURCES:
  InAppInvitationKit:
    :git: https://github.com/vineetchoudhary/InAppInvitation.git

CHECKOUT OPTIONS:
  InAppInvitationKit:
    :commit: 42aaf30d1154b48ffbda08ed27e9dfbb1274c977
    :git: https://github.com/vineetchoudhary/InAppInvitation.git

SPEC CHECKSUMS:
  InAppInvitationKit: eb35e471d4d842ad4ab78d1373a8ae4870fa4d70

PODFILE CHECKSUM: 2ecfcd566823f4442b21f0e051f4b5cbe40c4037

COCOAPODS: 1.1.1
